
Microsoft Visual Studio Solution File, Format Version 12.00
# Visual Studio Version 17
VisualStudioVersion = 17.4.33213.308
MinimumVisualStudioVersion = 10.0.40219.1
Project("{F184B08F-C81C-45F6-A57F-5ABD9991F28F}") = "Octosuite", "Octosuite\Octosuite.vbproj", "{E9132F56-89F3-4234-8EC7-6CF0D1DE9F07}"
EndProject
Global
	GlobalSection(SolutionConfigurationPlatforms) = preSolution
		Debug|Any CPU = Debug|Any CPU
		Release|Any CPU = Release|Any CPU
	EndGlobalSection
	GlobalSection(ProjectConfigurationPlatforms) = postSolution
		{E9132F56-89F3-4234-8EC7-6CF0D1DE9F07}.Debug|Any CPU.ActiveCfg = Debug|Any CPU
		{E9132F56-89F3-4234-8EC7-6CF0D1DE9F07}.Debug|Any CPU.Build.0 = Debug|Any CPU
		{E9132F56-89F3-4234-8EC7-6CF0D1DE9F07}.Release|Any CPU.ActiveCfg = Release|Any CPU
		{E9132F56-89F3-4234-8EC7-6CF0D1DE9F07}.Release|Any CPU.Build.0 = Release|Any CPU
	EndGlobalSection
	GlobalSection(SolutionProperties) = preSolution
		HideSolutionNode = FALSE
	EndGlobalSection
	GlobalSection(ExtensibilityGlobals) = postSolution
		SolutionGuid = {76BBEB85-F1B3-416F-8620-1D8CA03A8C9A}
	EndGlobalSection
EndGlobal
